// !$*UTF8*$!
{
	archiveVersion = 1;
	classes = {
	};
	objectVersion = 46;
	objects = {

/* Begin PBXBuildFile section */
		BF9FB9411EBCBEA2000E695E /* main.m in Sources */ = {isa = PBXBuildFile; fileRef = BF9FB9401EBCBEA2000E695E /* main.m */; };
		BF9FB9441EBCBEA2000E695E /* AppDelegate.m in Sources */ = {isa = PBXBuildFile; fileRef = BF9FB9431EBCBEA2000E695E /* AppDelegate.m */; };
		BF9FB9471EBCBEA2000E695E /* ViewController.m in Sources */ = {isa = PBXBuildFile; fileRef = BF9FB9461EBCBEA2000E695E /* ViewController.m */; };
		BF9FB94A1EBCBEA2000E695E /* Main.storyboard in Resources */ = {isa = PBXBuildFile; fileRef = BF9FB9481EBCBEA2000E695E /* Main.storyboard */; };
		BF9FB94C1EBCBEA2000E695E /* Assets.xcassets in Resources */ = {isa = PBXBuildFile; fileRef = BF9FB94B1EBCBEA2000E695E /* Assets.xcassets */; };
		BF9FB94F1EBCBEA2000E695E /* LaunchScreen.storyboard in Resources */ = {isa = PBXBuildFile; fileRef = BF9FB94D1EBCBEA2000E695E /* LaunchScreen.storyboard */; };
		BF9FB9581EBCBED3000E695E /* NJDog.m in Sources */ = {isa = PBXBuildFile; fileRef = BF9FB9571EBCBED3000E695E /* NJDog.m */; };
/* End PBXBuildFile section */

/* Begin PBXFileReference section */
		BF9FB93C1EBCBEA2000E695E /* May_five_weChatTest.app */ = {isa = PBXFileReference; explicitFileType = wrapper.application; includeInIndex = 0; path = May_five_weChatTest.app; sourceTree = BUILT_PRODUCTS_DIR; };
		BF9FB9401EBCBEA2000E695E /* main.m */ = {isa = PBXFileReference; lastKnownFileType = sourcecode.c.objc; path = main.m; sourceTree = "<group>"; };
		BF9FB9421EBCBEA2000E695E /* AppDelegate.h */ = {isa = PBXFileReference; lastKnownFileType = sourcecode.c.h; path = AppDelegate.h; sourceTree = "<group>"; };
		BF9FB9431EBCBEA2000E695E /* AppDelegate.m */ = {isa = PBXFileReference; lastKnownFileType = sourcecode.c.objc; path = AppDelegate.m; sourceTree = "<group>"; };
		BF9FB9451EBCBEA2000E695E /* ViewController.h */ = {isa = PBXFileReference; lastKnownFileType = sourcecode.c.h; path = ViewController.h; sourceTree = "<group>"; };
		BF9FB9461EBCBEA2000E695E /* ViewController.m */ = {isa = PBXFileReference; lastKnownFileType = sourcecode.c.objc; path = ViewController.m; sourceTree = "<group>"; };
		BF9FB9491EBCBEA2000E695E /* Base */ = {isa = PBXFileReference; lastKnownFileType = file.storyboard; name = Base; path = Base.lproj/Main.storyboard; sourceTree = "<group>"; };
		BF9FB94B1EBCBEA2000E695E /* Assets.xcassets */ = {isa = PBXFileReference; lastKnownFileType = folder.assetcatalog; path = Assets.xcassets; sourceTree = "<group>"; };
		BF9FB94E1EBCBEA2000E695E /* Base */ = {isa = PBXFileReference; lastKnownFileType = file.storyboard; name = Base; path = Base.lproj/LaunchScreen.storyboard; sourceTree = "<group>"; };
		BF9FB9501EBCBEA2000E695E /* Info.plist */ = {isa = PBXFileReference; lastKnownFileType = text.plist.xml; path = Info.plist; sourceTree = "<group>"; };
		BF9FB9561EBCBED3000E695E /* NJDog.h */ = {isa = PBXFileReference; fileEncoding = 4; lastKnownFileType = sourcecode.c.h; path = NJDog.h; sourceTree = "<group>"; };
		BF9FB9571EBCBED3000E695E /* NJDog.m */ = {isa = PBXFileReference; fileEncoding = 4; lastKnownFileType = sourcecode.c.objc; path = NJDog.m; sourceTree = "<group>"; };
/* End PBXFileReference section */

/* Begin PBXFrameworksBuildPhase section */
		BF9FB9391EBCBEA2000E695E /* Frameworks */ = {
			isa = PBXFrameworksBuildPhase;
			buildActionMask = 2147483647;
			files = (
			);
			runOnlyForDeploymentPostprocessing = 0;
		};
/* End PBXFrameworksBuildPhase section */

/* Begin PBXGroup section */
		BF9FB9331EBCBEA2000E695E = {
			isa = PBXGroup;
			children = (
				BF9FB93E1EBCBEA2000E695E /* May_five_weChatTest */,
				BF9FB93D1EBCBEA2000E695E /* Products */,
			);
			sourceTree = "<group>";
		};
		BF9FB93D1EBCBEA2000E695E /* Products */ = {
			isa = PBXGroup;
			children = (
				BF9FB93C1EBCBEA2000E695E /* May_five_weChatTest.app */,
			);
			name = Products;
			sourceTree = "<group>";
		};
		BF9FB93E1EBCBEA2000E695E /* May_five_weChatTest */ = {
			isa = PBXGroup;
			children = (
				BF9FB9421EBCBEA2000E695E /* AppDelegate.h */,
				BF9FB9431EBCBEA2000E695E /* AppDelegate.m */,
				BF9FB9451EBCBEA2000E695E /* ViewController.h */,
				BF9FB9461EBCBEA2000E695E /* ViewController.m */,
				BF9FB9481EBCBEA2000E695E /* Main.storyboard */,
				BF9FB94B1EBCBEA2000E695E /* Assets.xcassets */,
				BF9FB94D1EBCBEA2000E695E /* LaunchScreen.storyboard */,
				BF9FB9501EBCBEA2000E695E /* Info.plist */,
				BF9FB93F1EBCBEA2000E695E /* Supporting Files */,
				BF9FB9561EBCBED3000E695E /* NJDog.h */,
				BF9FB9571EBCBED3000E695E /* NJDog.m */,
			);
			path = May_five_weChatTest;
			sourceTree = "<group>";
		};
		BF9FB93F1EBCBEA2000E695E /* Supporting Files */ = {
			isa = PBXGroup;
			children = (
				BF9FB9401EBCBEA2000E695E /* main.m */,
			);
			name = "Supporting Files";
			sourceTree = "<group>";
		};
/* End PBXGroup section */

/* Begin PBXNativeTarget section */
		BF9FB93B1EBCBEA2000E695E /* May_five_weChatTest */ = {
			isa = PBXNativeTarget;
			buildConfigurationList = BF9FB9531EBCBEA2000E695E /* Build configuration list for PBXNativeTarget "May_five_weChatTest" */;
			buildPhases = (
				BF9FB9381EBCBEA2000E695E /* Sources */,
				BF9FB9391EBCBEA2000E695E /* Frameworks */,
				BF9FB93A1EBCBEA2000E695E /* Resources */,
			);
			buildRules = (
			);
			dependencies = (
			);
			name = May_five_weChatTest;
			productName = May_five_weChatTest;
			productReference = BF9FB93C1EBCBEA2000E695E /* May_five_weChatTest.app */;
			productType = "com.apple.product-type.application";
		};
/* End PBXNativeTarget section */

/* Begin PBXProject section */
		BF9FB9341EBCBEA2000E695E /* Project object */ = {
			isa = PBXProject;
			attributes = {
				LastUpgradeCheck = 0830;
				ORGANIZATIONNAME = cxz;
				TargetAttributes = {
					BF9FB93B1EBCBEA2000E695E = {
						CreatedOnToolsVersion = 8.3.2;
						ProvisioningStyle = Automatic;
					};
				};
			};
			buildConfigurationList = BF9FB9371EBCBEA2000E695E /* Build configuration list for PBXProject "May_five_weChatTest" */;
			compatibilityVersion = "Xcode 3.2";
			developmentRegion = English;
			hasScannedForEncodings = 0;
			knownRegions = (
				en,
				Base,
			);
			mainGroup = BF9FB9331EBCBEA2000E695E;
			productRefGroup = BF9FB93D1EBCBEA2000E695E /* Products */;
			projectDirPath = "";
			projectRoot = "";
			targets = (
				BF9FB93B1EBCBEA2000E695E /* May_five_weChatTest */,
			);
		};
/* End PBXProject section */

/* Begin PBXResourcesBuildPhase section */
		BF9FB93A1EBCBEA2000E695E /* Resources */ = {
			isa = PBXResourcesBuildPhase;
			buildActionMask = 2147483647;
			files = (
				BF9FB94F1EBCBEA2000E695E /* LaunchScreen.storyboard in Resources */,
				BF9FB94C1EBCBEA2000E695E /* Assets.xcassets in Resources */,
				BF9FB94A1EBCBEA2000E695E /* Main.storyboard in Resources */,
			);
			runOnlyForDeploymentPostprocessing = 0;
		};
/* End PBXResourcesBuildPhase section */

/* Begin PBXSourcesBuildPhase section */
		BF9FB9381EBCBEA2000E695E /* Sources */ = {
			isa = PBXSourcesBuildPhase;
			buildActionMask = 2147483647;
			files = (
				BF9FB9581EBCBED3000E695E /* NJDog.m in Sources */,
				BF9FB9471EBCBEA2000E695E /* ViewController.m in Sources */,
				BF9FB9441EBCBEA2000E695E /* AppDelegate.m in Sources */,
				BF9FB9411EBCBEA2000E695E /* main.m in Sources */,
			);
			runOnlyForDeploymentPostprocessing = 0;
		};
/* End PBXSourcesBuildPhase section */

/* Begin PBXVariantGroup section */
		BF9FB9481EBCBEA2000E695E /* Main.storyboard */ = {
			isa = PBXVariantGroup;
			children = (
				BF9FB9491EBCBEA2000E695E /* Base */,
			);
			name = Main.storyboard;
			sourceTree = "<group>";
		};
		BF9FB94D1EBCBEA2000E695E /* LaunchScreen.storyboard */ = {
			isa = PBXVariantGroup;
			children = (
				BF9FB94E1EBCBEA2000E695E /* Base */,
			);
			name = LaunchScreen.storyboard;
			sourceTree = "<group>";
		};
/* End PBXVariantGroup section */

/* Begin XCBuildConfiguration section */
		BF9FB9511EBCBEA2000E695E /* Debug */ = {
			isa = XCBuildConfiguration;
			buildSettings = {
				ALWAYS_SEARCH_USER_PATHS = NO;
				CLANG_ANALYZER_NONNULL = YES;
				CLANG_ANALYZER_NUMBER_OBJECT_CONVERSION = YES_AGGRESSIVE;
				CLANG_CXX_LANGUAGE_STANDARD = "gnu++0x";
				CLANG_CXX_LIBRARY = "libc++";
				CLANG_ENABLE_MODULES = YES;
				CLANG_ENABLE_OBJC_ARC = YES;
				CLANG_WARN_BOOL_CONVERSION = YES;
				CLANG_WARN_CONSTANT_CONVERSION = YES;
				CLANG_WARN_DIRECT_OBJC_ISA_USAGE = YES_ERROR;
				CLANG_WARN_DOCUMENTATION_COMMENTS = YES;
				CLANG_WARN_EMPTY_BODY = YES;
				CLANG_WARN_ENUM_CONVERSION = YES;
				CLANG_WARN_INFINITE_RECURSION = YES;
				CLANG_WARN_INT_CONVERSION = YES;
				CLANG_WARN_OBJC_ROOT_CLASS = YES_ERROR;
				CLANG_WARN_SUSPICIOUS_MOVE = YES;
				CLANG_WARN_UNREACHABLE_CODE = YES;
				CLANG_WARN__DUPLICATE_METHOD_MATCH = YES;
				"CODE_SIGN_IDENTITY[sdk=iphoneos*]" = "iPhone Developer";
				COPY_PHASE_STRIP = NO;
				DEBUG_INFORMATION_FORMAT = dwarf;
				ENABLE_STRICT_OBJC_MSGSEND = YES;
				ENABLE_TESTABILITY = YES;
				GCC_C_LANGUAGE_STANDARD = gnu99;
				GCC_DYNAMIC_NO_PIC = NO;
				GCC_NO_COMMON_BLOCKS = YES;
				GCC_OPTIMIZATION_LEVEL = 0;
				GCC_PREPROCESSOR_DEFINITIONS = (
					"DEBUG=1",
					"$(inherited)",
				);
				GCC_WARN_64_TO_32_BIT_CONVERSION = YES;
				GCC_WARN_ABOUT_RETURN_TYPE = YES_ERROR;
				GCC_WARN_UNDECLARED_SELECTOR = YES;
				GCC_WARN_UNINITIALIZED_AUTOS = YES_AGGRESSIVE;
				GCC_WARN_UNUSED_FUNCTION = YES;
				GCC_WARN_UNUSED_VARIABLE = YES;
				IPHONEOS_DEPLOYMENT_TARGET = 10.3;
				MTL_ENABLE_DEBUG_INFO = YES;
				ONLY_ACTIVE_ARCH = YES;
				SDKROOT = iphoneos;
			};
			name = Debug;
		};
		BF9FB9521EBCBEA2000E695E /* Release */ = {
			isa = XCBuildConfiguration;
			buildSettings = {
				ALWAYS_SEARCH_USER_PATHS = NO;
				CLANG_ANALYZER_NONNULL = YES;
				CLANG_ANALYZER_NUMBER_OBJECT_CONVERSION = YES_AGGRESSIVE;
				CLANG_CXX_LANGUAGE_STANDARD = "gnu++0x";
				CLANG_CXX_LIBRARY = "libc++";
				CLANG_ENABLE_MODULES = YES;
				CLANG_ENABLE_OBJC_ARC = YES;
				CLANG_WARN_BOOL_CONVERSION = YES;
				CLANG_WARN_CONSTANT_CONVERSION = YES;
				CLANG_WARN_DIRECT_OBJC_ISA_USAGE = YES_ERROR;
				CLANG_WARN_DOCUMENTATION_COMMENTS = YES;
				CLANG_WARN_EMPTY_BODY = YES;
				CLANG_WARN_ENUM_CONVERSION = YES;
				CLANG_WARN_INFINITE_RECURSION = YES;
				CLANG_WARN_INT_CONVERSION = YES;
				CLANG_WARN_OBJC_ROOT_CLASS = YES_ERROR;
				CLANG_WARN_SUSPICIOUS_MOVE = YES;
				CLANG_WARN_UNREACHABLE_CODE = YES;
				CLANG_WARN__DUPLICATE_METHOD_MATCH = YES;
				"CODE_SIGN_IDENTITY[sdk=iphoneos*]" = "iPhone Developer";
				COPY_PHASE_STRIP = NO;
				DEBUG_INFORMATION_FORMAT = "dwarf-with-dsym";
				ENABLE_NS_ASSERTIONS = NO;
				ENABLE_STRICT_OBJC_MSGSEND = YES;
				GCC_C_LANGUAGE_STANDARD = gnu99;
				GCC_NO_COMMON_BLOCKS = YES;
				GCC_WARN_64_TO_32_BIT_CONVERSION = YES;
				GCC_WARN_ABOUT_RETURN_TYPE = YES_ERROR;
				GCC_WARN_UNDECLARED_SELECTOR = YES;
				GCC_WARN_UNINITIALIZED_AUTOS = YES_AGGRESSIVE;
				GCC_WARN_UNUSED_FUNCTION = YES;
				GCC_WARN_UNUSED_VARIABLE = YES;
				IPHONEOS_DEPLOYMENT_TARGET = 10.3;
				MTL_ENABLE_DEBUG_INFO = NO;
				SDKROOT = iphoneos;
				VALIDATE_PRODUCT = YES;
			};
			name = Release;
		};
		BF9FB9541EBCBEA2000E695E /* Debug */ = {
			isa = XCBuildConfiguration;
			buildSettings = {
				ASSETCATALOG_COMPILER_APPICON_NAME = AppIcon;
				INFOPLIST_FILE = May_five_weChatTest/Info.plist;
				LD_RUNPATH_SEARCH_PATHS = "$(inherited) @executable_path/Frameworks";
				PRODUCT_BUNDLE_IDENTIFIER = "com.cxz.May-five-weChatTest";
				PRODUCT_NAME = "$(TARGET_NAME)";
			};
			name = Debug;
		};
		BF9FB9551EBCBEA2000E695E /* Release */ = {
			isa = XCBuildConfiguration;
			buildSettings = {
				ASSETCATALOG_COMPILER_APPICON_NAME = AppIcon;
				INFOPLIST_FILE = May_five_weChatTest/Info.plist;
				LD_RUNPATH_SEARCH_PATHS = "$(inherited) @executable_path/Frameworks";
				PRODUCT_BUNDLE_IDENTIFIER = "com.cxz.May-five-weChatTest";
				PRODUCT_NAME = "$(TARGET_NAME)";
			};
			name = Release;
		};
/* End XCBuildConfiguration section */

/* Begin XCConfigurationList section */
		BF9FB9371EBCBEA2000E695E /* Build configuration list for PBXProject "May_five_weChatTest" */ = {
			isa = XCConfigurationList;
			buildConfigurations = (
				BF9FB9511EBCBEA2000E695E /* Debug */,
				BF9FB9521EBCBEA2000E695E /* Release */,
			);
			defaultConfigurationIsVisible = 0;
			defaultConfigurationName = Release;
		};
		BF9FB9531EBCBEA2000E695E /* Build configuration list for PBXNativeTarget "May_five_weChatTest" */ = {
			isa = XCConfigurationList;
			buildConfigurations = (
				BF9FB9541EBCBEA2000E695E /* Debug */,
				BF9FB9551EBCBEA2000E695E /* Release */,
			);
			defaultConfigurationIsVisible = 0;
		};
/* End XCConfigurationList section */
	};
	rootObject = BF9FB9341EBCBEA2000E695E /* Project object */;
}
